
Microsoft Visual Studio Solution File, Format Version 12.00
# Visual Studio 14
VisualStudioVersion = 14.0.25420.1
MinimumVisualStudioVersion = 10.0.40219.1
Project("{8BC9CEB8-8B4A-11D0-8D11-00A0C91BC942}") = "Item01_Understand_template_type_deduction", "Item01_Understand_template_type_deduction\Item01_Understand_template_type_deduction.vcxproj", "{4A2945E0-6CAA-4713-83E7-4590688FAE18}"
EndProject
Project("{8BC9CEB8-8B4A-11D0-8D11-00A0C91BC942}") = "Item02_Understand_auto_type_deduction", "Item02_Understand_auto_type_deduction\Item02_Understand_auto_type_deduction.vcxproj", "{09257402-C9E3-4305-84BD-829624D5A62D}"
EndProject
Project("{8BC9CEB8-8B4A-11D0-8D11-00A0C91BC942}") = "Item03_Understand_decltype", "Item03_Understand_decltype\Item03_Understand_decltype.vcxproj", "{F8AD3EA6-F437-4864-974A-D7688A2AA792}"
EndProject
Global
	GlobalSection(SolutionConfigurationPlatforms) = preSolution
		Debug|x64 = Debug|x64
		Debug|x86 = Debug|x86
		Release|x64 = Release|x64
		Release|x86 = Release|x86
	EndGlobalSection
	GlobalSection(ProjectConfigurationPlatforms) = postSolution
		{4A2945E0-6CAA-4713-83E7-4590688FAE18}.Debug|x64.ActiveCfg = Debug|x64
		{4A2945E0-6CAA-4713-83E7-4590688FAE18}.Debug|x64.Build.0 = Debug|x64
		{4A2945E0-6CAA-4713-83E7-4590688FAE18}.Debug|x86.ActiveCfg = Debug|Win32
		{4A2945E0-6CAA-4713-83E7-4590688FAE18}.Debug|x86.Build.0 = Debug|Win32
		{4A2945E0-6CAA-4713-83E7-4590688FAE18}.Release|x64.ActiveCfg = Release|x64
		{4A2945E0-6CAA-4713-83E7-4590688FAE18}.Release|x64.Build.0 = Release|x64
		{4A2945E0-6CAA-4713-83E7-4590688FAE18}.Release|x86.ActiveCfg = Release|Win32
		{4A2945E0-6CAA-4713-83E7-4590688FAE18}.Release|x86.Build.0 = Release|Win32
		{09257402-C9E3-4305-84BD-829624D5A62D}.Debug|x64.ActiveCfg = Debug|x64
		{09257402-C9E3-4305-84BD-829624D5A62D}.Debug|x64.Build.0 = Debug|x64
		{09257402-C9E3-4305-84BD-829624D5A62D}.Debug|x86.ActiveCfg = Debug|Win32
		{09257402-C9E3-4305-84BD-829624D5A62D}.Debug|x86.Build.0 = Debug|Win32
		{09257402-C9E3-4305-84BD-829624D5A62D}.Release|x64.ActiveCfg = Release|x64
		{09257402-C9E3-4305-84BD-829624D5A62D}.Release|x64.Build.0 = Release|x64
		{09257402-C9E3-4305-84BD-829624D5A62D}.Release|x86.ActiveCfg = Release|Win32
		{09257402-C9E3-4305-84BD-829624D5A62D}.Release|x86.Build.0 = Release|Win32
		{F8AD3EA6-F437-4864-974A-D7688A2AA792}.Debug|x64.ActiveCfg = Debug|x64
		{F8AD3EA6-F437-4864-974A-D7688A2AA792}.Debug|x64.Build.0 = Debug|x64
		{F8AD3EA6-F437-4864-974A-D7688A2AA792}.Debug|x86.ActiveCfg = Debug|Win32
		{F8AD3EA6-F437-4864-974A-D7688A2AA792}.Debug|x86.Build.0 = Debug|Win32
		{F8AD3EA6-F437-4864-974A-D7688A2AA792}.Release|x64.ActiveCfg = Release|x64
		{F8AD3EA6-F437-4864-974A-D7688A2AA792}.Release|x64.Build.0 = Release|x64
		{F8AD3EA6-F437-4864-974A-D7688A2AA792}.Release|x86.ActiveCfg = Release|Win32
		{F8AD3EA6-F437-4864-974A-D7688A2AA792}.Release|x86.Build.0 = Release|Win32
	EndGlobalSection
	GlobalSection(SolutionProperties) = preSolution
		HideSolutionNode = FALSE
	EndGlobalSection
EndGlobal
